
Microsoft Visual Studio Solution File, Format Version 12.00
# Visual Studio Version 16
VisualStudioVersion = 16.0.33214.272
MinimumVisualStudioVersion = 10.0.40219.1
Project("{FAE04EC0-301F-11D3-BF4B-00C04F79EFBC}") = "test_code", "test_code\test_code.csproj", "{CEB773DB-5C0D-432C-BDD7-E7F0F1899738}"
EndProject
Global
	GlobalSection(SolutionConfigurationPlatforms) = preSolution
		Debug|Any CPU = Debug|Any CPU
		Release|Any CPU = Release|Any CPU
	EndGlobalSection
	GlobalSection(ProjectConfigurationPlatforms) = postSolution
		{CEB773DB-5C0D-432C-BDD7-E7F0F1899738}.Debug|Any CPU.ActiveCfg = Debug|Any CPU
		{CEB773DB-5C0D-432C-BDD7-E7F0F1899738}.Debug|Any CPU.Build.0 = Debug|Any CPU
		{CEB773DB-5C0D-432C-BDD7-E7F0F1899738}.Release|Any CPU.ActiveCfg = Release|Any CPU
		{CEB773DB-5C0D-432C-BDD7-E7F0F1899738}.Release|Any CPU.Build.0 = Release|Any CPU
	EndGlobalSection
	GlobalSection(SolutionProperties) = preSolution
		HideSolutionNode = FALSE
	EndGlobalSection
	GlobalSection(ExtensibilityGlobals) = postSolution
		SolutionGuid = {E6521E8A-1D47-4C14-BC7B-B8F6A2D5393D}
	EndGlobalSection
EndGlobal
